{
  "name": "speechat",
  "version": "1.0.0",
  "lockfileVersion": 1,
  "requires": true,
  "dependencies": {
    "mini-http": {
      "version": "1.0.0",
      "resolved": "https://registry.npmjs.org/mini-http/-/mini-http-1.0.0.tgz",
      "integrity": "sha1-cijK4REz2Rdom9Lobl7v3dmwyIo="
    }
  }
}
